
Microsoft Visual Studio Solution File, Format Version 12.00
# Visual Studio Version 17
VisualStudioVersion = 17.14.36603.0 d17.14
MinimumVisualStudioVersion = 10.0.40219.1
Project("{FAE04EC0-301F-11D3-BF4B-00C04F79EFBC}") = "OOP06", "OOP06\OOP06.csproj", "{2AAE4A4B-3233-4F53-8CB8-FD8EBF66EFE9}"
EndProject
Global
	GlobalSection(SolutionConfigurationPlatforms) = preSolution
		Debug|Any CPU = Debug|Any CPU
		Release|Any CPU = Release|Any CPU
	EndGlobalSection
	GlobalSection(ProjectConfigurationPlatforms) = postSolution
		{2AAE4A4B-3233-4F53-8CB8-FD8EBF66EFE9}.Debug|Any CPU.ActiveCfg = Debug|Any CPU
		{2AAE4A4B-3233-4F53-8CB8-FD8EBF66EFE9}.Debug|Any CPU.Build.0 = Debug|Any CPU
		{2AAE4A4B-3233-4F53-8CB8-FD8EBF66EFE9}.Release|Any CPU.ActiveCfg = Release|Any CPU
		{2AAE4A4B-3233-4F53-8CB8-FD8EBF66EFE9}.Release|Any CPU.Build.0 = Release|Any CPU
	EndGlobalSection
	GlobalSection(SolutionProperties) = preSolution
		HideSolutionNode = FALSE
	EndGlobalSection
	GlobalSection(ExtensibilityGlobals) = postSolution
		SolutionGuid = {739717B8-ED69-46FF-B310-CD3B99D0997F}
	EndGlobalSection
EndGlobal
